
Microsoft Visual Studio Solution File, Format Version 11.00
# Visual Studio 2010
# SharpDevelop 4.4
Project("{FAE04EC0-301F-11D3-BF4B-00C04F79EFBC}") = "sdasadasd", "sdasadasd\sdasadasd.csproj", "{DC0C913A-C543-419E-85E7-2B9C1EF32631}"
EndProject
Global
	GlobalSection(SolutionConfigurationPlatforms) = preSolution
		Debug|Any CPU = Debug|Any CPU
		Release|Any CPU = Release|Any CPU
	EndGlobalSection
	GlobalSection(ProjectConfigurationPlatforms) = postSolution
		{DC0C913A-C543-419E-85E7-2B9C1EF32631}.Debug|Any CPU.Build.0 = Debug|Any CPU
		{DC0C913A-C543-419E-85E7-2B9C1EF32631}.Debug|Any CPU.ActiveCfg = Debug|Any CPU
		{DC0C913A-C543-419E-85E7-2B9C1EF32631}.Release|Any CPU.Build.0 = Release|Any CPU
		{DC0C913A-C543-419E-85E7-2B9C1EF32631}.Release|Any CPU.ActiveCfg = Release|Any CPU
	EndGlobalSection
EndGlobal
