
Microsoft Visual Studio Solution File, Format Version 11.00
# Visual Studio 2010
# SharpDevelop 4.4
Project("{FAE04EC0-301F-11D3-BF4B-00C04F79EFBC}") = "while3", "while3\while3.csproj", "{CCE5620C-23C5-4B14-B7BF-32B50787D500}"
EndProject
Global
	GlobalSection(SolutionConfigurationPlatforms) = preSolution
		Debug|Any CPU = Debug|Any CPU
		Release|Any CPU = Release|Any CPU
	EndGlobalSection
	GlobalSection(ProjectConfigurationPlatforms) = postSolution
		{CCE5620C-23C5-4B14-B7BF-32B50787D500}.Debug|Any CPU.Build.0 = Debug|Any CPU
		{CCE5620C-23C5-4B14-B7BF-32B50787D500}.Debug|Any CPU.ActiveCfg = Debug|Any CPU
		{CCE5620C-23C5-4B14-B7BF-32B50787D500}.Release|Any CPU.Build.0 = Release|Any CPU
		{CCE5620C-23C5-4B14-B7BF-32B50787D500}.Release|Any CPU.ActiveCfg = Release|Any CPU
	EndGlobalSection
EndGlobal
