
Microsoft Visual Studio Solution File, Format Version 11.00
# Visual Studio 2010
# SharpDevelop 4.4
Project("{FAE04EC0-301F-11D3-BF4B-00C04F79EFBC}") = "bucle forl", "bucle forl\bucle forl.csproj", "{243F9C9C-6970-44C6-B127-72DC85BE6A6E}"
EndProject
Global
	GlobalSection(SolutionConfigurationPlatforms) = preSolution
		Debug|Any CPU = Debug|Any CPU
		Release|Any CPU = Release|Any CPU
	EndGlobalSection
	GlobalSection(ProjectConfigurationPlatforms) = postSolution
		{243F9C9C-6970-44C6-B127-72DC85BE6A6E}.Debug|Any CPU.Build.0 = Debug|Any CPU
		{243F9C9C-6970-44C6-B127-72DC85BE6A6E}.Debug|Any CPU.ActiveCfg = Debug|Any CPU
		{243F9C9C-6970-44C6-B127-72DC85BE6A6E}.Release|Any CPU.Build.0 = Release|Any CPU
		{243F9C9C-6970-44C6-B127-72DC85BE6A6E}.Release|Any CPU.ActiveCfg = Release|Any CPU
	EndGlobalSection
EndGlobal
