
Microsoft Visual Studio Solution File, Format Version 11.00
# Visual Studio 2010
# SharpDevelop 4.4
Project("{FAE04EC0-301F-11D3-BF4B-00C04F79EFBC}") = "herencia", "herencia\herencia.csproj", "{97D4E393-DA87-4716-B42D-9A1AD4FDD5CB}"
EndProject
Project("{FAE04EC0-301F-11D3-BF4B-00C04F79EFBC}") = "ClasePadre", "ClasePadre\ClasePadre.csproj", "{32B77A3A-7AED-4EA6-8714-E83F0307B9D1}"
EndProject
Project("{FAE04EC0-301F-11D3-BF4B-00C04F79EFBC}") = "ClaseHija", "ClaseHija\ClaseHija.csproj", "{3FD3D0B1-9F13-40E6-AB4F-F995CE40C5FB}"
EndProject
Global
	GlobalSection(SolutionConfigurationPlatforms) = preSolution
		Debug|Any CPU = Debug|Any CPU
		Release|Any CPU = Release|Any CPU
	EndGlobalSection
	GlobalSection(ProjectConfigurationPlatforms) = postSolution
		{97D4E393-DA87-4716-B42D-9A1AD4FDD5CB}.Debug|Any CPU.Build.0 = Debug|Any CPU
		{97D4E393-DA87-4716-B42D-9A1AD4FDD5CB}.Debug|Any CPU.ActiveCfg = Debug|Any CPU
		{97D4E393-DA87-4716-B42D-9A1AD4FDD5CB}.Release|Any CPU.Build.0 = Release|Any CPU
		{97D4E393-DA87-4716-B42D-9A1AD4FDD5CB}.Release|Any CPU.ActiveCfg = Release|Any CPU
		{32B77A3A-7AED-4EA6-8714-E83F0307B9D1}.Debug|Any CPU.Build.0 = Debug|Any CPU
		{32B77A3A-7AED-4EA6-8714-E83F0307B9D1}.Debug|Any CPU.ActiveCfg = Debug|Any CPU
		{32B77A3A-7AED-4EA6-8714-E83F0307B9D1}.Release|Any CPU.Build.0 = Release|Any CPU
		{32B77A3A-7AED-4EA6-8714-E83F0307B9D1}.Release|Any CPU.ActiveCfg = Release|Any CPU
		{3FD3D0B1-9F13-40E6-AB4F-F995CE40C5FB}.Debug|Any CPU.Build.0 = Debug|Any CPU
		{3FD3D0B1-9F13-40E6-AB4F-F995CE40C5FB}.Debug|Any CPU.ActiveCfg = Debug|Any CPU
		{3FD3D0B1-9F13-40E6-AB4F-F995CE40C5FB}.Release|Any CPU.Build.0 = Release|Any CPU
		{3FD3D0B1-9F13-40E6-AB4F-F995CE40C5FB}.Release|Any CPU.ActiveCfg = Release|Any CPU
	EndGlobalSection
EndGlobal
