
Microsoft Visual Studio Solution File, Format Version 11.00
# Visual Studio 2010
# SharpDevelop 4.4
Project("{FAE04EC0-301F-11D3-BF4B-00C04F79EFBC}") = "mihue", "mihue\mihue.csproj", "{264FF82E-2988-4E2D-8A6C-DB73E2061A41}"
EndProject
Global
	GlobalSection(SolutionConfigurationPlatforms) = preSolution
		Debug|Any CPU = Debug|Any CPU
		Release|Any CPU = Release|Any CPU
	EndGlobalSection
	GlobalSection(ProjectConfigurationPlatforms) = postSolution
		{264FF82E-2988-4E2D-8A6C-DB73E2061A41}.Debug|Any CPU.Build.0 = Debug|Any CPU
		{264FF82E-2988-4E2D-8A6C-DB73E2061A41}.Debug|Any CPU.ActiveCfg = Debug|Any CPU
		{264FF82E-2988-4E2D-8A6C-DB73E2061A41}.Release|Any CPU.Build.0 = Release|Any CPU
		{264FF82E-2988-4E2D-8A6C-DB73E2061A41}.Release|Any CPU.ActiveCfg = Release|Any CPU
	EndGlobalSection
EndGlobal
