
Microsoft Visual Studio Solution File, Format Version 11.00
# Visual Studio 2010
# SharpDevelop 4.4
Project("{FAE04EC0-301F-11D3-BF4B-00C04F79EFBC}") = "numero mayor", "numero mayor\numero mayor.csproj", "{1995031D-E787-439B-A8A9-CB25C86107E5}"
EndProject
Global
	GlobalSection(SolutionConfigurationPlatforms) = preSolution
		Debug|Any CPU = Debug|Any CPU
		Release|Any CPU = Release|Any CPU
	EndGlobalSection
	GlobalSection(ProjectConfigurationPlatforms) = postSolution
		{1995031D-E787-439B-A8A9-CB25C86107E5}.Debug|Any CPU.Build.0 = Debug|Any CPU
		{1995031D-E787-439B-A8A9-CB25C86107E5}.Debug|Any CPU.ActiveCfg = Debug|Any CPU
		{1995031D-E787-439B-A8A9-CB25C86107E5}.Release|Any CPU.Build.0 = Release|Any CPU
		{1995031D-E787-439B-A8A9-CB25C86107E5}.Release|Any CPU.ActiveCfg = Release|Any CPU
	EndGlobalSection
EndGlobal
